
Microsoft Visual Studio Solution File, Format Version 12.00
# Visual Studio Version 16
VisualStudioVersion = 16.0.30804.86
MinimumVisualStudioVersion = 10.0.40219.1
Project("{9A19103F-16F7-4668-BE54-9A1E7A4F7556}") = "composition1", "composition1\composition1.csproj", "{ABA4721D-5568-44BA-AAFE-014295F37862}"
EndProject
Project("{9A19103F-16F7-4668-BE54-9A1E7A4F7556}") = "demo-string-builder", "demo-string-builder\demo-string-builder.csproj", "{4FAA535D-CB40-4256-BE44-10B24DFA4641}"
EndProject
Project("{9A19103F-16F7-4668-BE54-9A1E7A4F7556}") = "challenge-enum-composition", "challenge-enum-composition\challenge-enum-composition.csproj", "{A2CFF4E4-69E5-4A24-AD53-3FF0459F3F2E}"
EndProject
Project("{FAE04EC0-301F-11D3-BF4B-00C04F79EFBC}") = "demo-inheritance-polymorphism", "demo-inheritance-polymorphism\demo-inheritance-polymorphism.csproj", "{758C8049-5163-4EF0-ABBB-97CDA80EC7EC}"
EndProject
Global
	GlobalSection(SolutionConfigurationPlatforms) = preSolution
		Debug|Any CPU = Debug|Any CPU
		Release|Any CPU = Release|Any CPU
	EndGlobalSection
	GlobalSection(ProjectConfigurationPlatforms) = postSolution
		{ABA4721D-5568-44BA-AAFE-014295F37862}.Debug|Any CPU.ActiveCfg = Debug|Any CPU
		{ABA4721D-5568-44BA-AAFE-014295F37862}.Debug|Any CPU.Build.0 = Debug|Any CPU
		{ABA4721D-5568-44BA-AAFE-014295F37862}.Release|Any CPU.ActiveCfg = Release|Any CPU
		{ABA4721D-5568-44BA-AAFE-014295F37862}.Release|Any CPU.Build.0 = Release|Any CPU
		{4FAA535D-CB40-4256-BE44-10B24DFA4641}.Debug|Any CPU.ActiveCfg = Debug|Any CPU
		{4FAA535D-CB40-4256-BE44-10B24DFA4641}.Debug|Any CPU.Build.0 = Debug|Any CPU
		{4FAA535D-CB40-4256-BE44-10B24DFA4641}.Release|Any CPU.ActiveCfg = Release|Any CPU
		{4FAA535D-CB40-4256-BE44-10B24DFA4641}.Release|Any CPU.Build.0 = Release|Any CPU
		{A2CFF4E4-69E5-4A24-AD53-3FF0459F3F2E}.Debug|Any CPU.ActiveCfg = Debug|Any CPU
		{A2CFF4E4-69E5-4A24-AD53-3FF0459F3F2E}.Debug|Any CPU.Build.0 = Debug|Any CPU
		{A2CFF4E4-69E5-4A24-AD53-3FF0459F3F2E}.Release|Any CPU.ActiveCfg = Release|Any CPU
		{A2CFF4E4-69E5-4A24-AD53-3FF0459F3F2E}.Release|Any CPU.Build.0 = Release|Any CPU
		{758C8049-5163-4EF0-ABBB-97CDA80EC7EC}.Debug|Any CPU.ActiveCfg = Debug|Any CPU
		{758C8049-5163-4EF0-ABBB-97CDA80EC7EC}.Debug|Any CPU.Build.0 = Debug|Any CPU
		{758C8049-5163-4EF0-ABBB-97CDA80EC7EC}.Release|Any CPU.ActiveCfg = Release|Any CPU
		{758C8049-5163-4EF0-ABBB-97CDA80EC7EC}.Release|Any CPU.Build.0 = Release|Any CPU
	EndGlobalSection
	GlobalSection(SolutionProperties) = preSolution
		HideSolutionNode = FALSE
	EndGlobalSection
	GlobalSection(ExtensibilityGlobals) = postSolution
		SolutionGuid = {09296D03-407E-4FD8-BF3E-C0B612B93A0B}
	EndGlobalSection
EndGlobal
