
Microsoft Visual Studio Solution File, Format Version 12.00
# Visual Studio Version 16
VisualStudioVersion = 16.0.30804.86
MinimumVisualStudioVersion = 10.0.40219.1
Project("{9A19103F-16F7-4668-BE54-9A1E7A4F7556}") = "composition1", "composition1\composition1.csproj", "{ABA4721D-5568-44BA-AAFE-014295F37862}"
EndProject
Project("{9A19103F-16F7-4668-BE54-9A1E7A4F7556}") = "demo-string-builder", "demo-string-builder\demo-string-builder.csproj", "{4FAA535D-CB40-4256-BE44-10B24DFA4641}"
EndProject
Project("{9A19103F-16F7-4668-BE54-9A1E7A4F7556}") = "challenge-enum-composition", "challenge-enum-composition\challenge-enum-composition.csproj", "{A2CFF4E4-69E5-4A24-AD53-3FF0459F3F2E}"
EndProject
Project("{9A19103F-16F7-4668-BE54-9A1E7A4F7556}") = "demo-inheritance-polymorphism", "demo-inheritance-polymorphism\demo-inheritance-polymorphism.csproj", "{758C8049-5163-4EF0-ABBB-97CDA80EC7EC}"
EndProject
Project("{9A19103F-16F7-4668-BE54-9A1E7A4F7556}") = "challenge-inheritance-polymorphism", "challenge-inheritance-polymorphism\challenge-inheritance-polymorphism.csproj", "{15B223FF-C91E-45BD-9BBD-564CE919764C}"
EndProject
Project("{9A19103F-16F7-4668-BE54-9A1E7A4F7556}") = "demo-abstractMethods", "demo-abstractMethods\demo-abstractMethods.csproj", "{CE692A25-78E7-4CE7-90D0-1EE133085248}"
EndProject
Project("{9A19103F-16F7-4668-BE54-9A1E7A4F7556}") = "challenge-abstractMethods", "challenge-abstractMethods\challenge-abstractMethods.csproj", "{23F4EA35-B1DC-427C-9CD0-01F2CC7A3803}"
EndProject
Project("{9A19103F-16F7-4668-BE54-9A1E7A4F7556}") = "challenge-exceptions", "challenge-exceptions\challenge-exceptions.csproj", "{20832ABF-9412-47DD-BFFA-A287F054851F}"
EndProject
Project("{9A19103F-16F7-4668-BE54-9A1E7A4F7556}") = "challenge-workingWithFiles", "challenge-workingWithFiles\challenge-workingWithFiles.csproj", "{E0DD574D-DB7C-489C-B5CA-0EFBF0C48E8D}"
EndProject
Project("{9A19103F-16F7-4668-BE54-9A1E7A4F7556}") = "demo-InterfaceAndDependecyInjection", "demo-InterfaceAndDependecyInjection\demo-InterfaceAndDependecyInjection.csproj", "{5BCCA29D-B79E-43D3-A772-EDEBE53A336A}"
EndProject
Project("{FAE04EC0-301F-11D3-BF4B-00C04F79EFBC}") = "challenge-Interface", "challenge-Interface\challenge-Interface.csproj", "{333AA676-6C1F-463A-887E-4FC99595AE2C}"
EndProject
Global
	GlobalSection(SolutionConfigurationPlatforms) = preSolution
		Debug|Any CPU = Debug|Any CPU
		Release|Any CPU = Release|Any CPU
	EndGlobalSection
	GlobalSection(ProjectConfigurationPlatforms) = postSolution
		{ABA4721D-5568-44BA-AAFE-014295F37862}.Debug|Any CPU.ActiveCfg = Debug|Any CPU
		{ABA4721D-5568-44BA-AAFE-014295F37862}.Debug|Any CPU.Build.0 = Debug|Any CPU
		{ABA4721D-5568-44BA-AAFE-014295F37862}.Release|Any CPU.ActiveCfg = Release|Any CPU
		{ABA4721D-5568-44BA-AAFE-014295F37862}.Release|Any CPU.Build.0 = Release|Any CPU
		{4FAA535D-CB40-4256-BE44-10B24DFA4641}.Debug|Any CPU.ActiveCfg = Debug|Any CPU
		{4FAA535D-CB40-4256-BE44-10B24DFA4641}.Debug|Any CPU.Build.0 = Debug|Any CPU
		{4FAA535D-CB40-4256-BE44-10B24DFA4641}.Release|Any CPU.ActiveCfg = Release|Any CPU
		{4FAA535D-CB40-4256-BE44-10B24DFA4641}.Release|Any CPU.Build.0 = Release|Any CPU
		{A2CFF4E4-69E5-4A24-AD53-3FF0459F3F2E}.Debug|Any CPU.ActiveCfg = Debug|Any CPU
		{A2CFF4E4-69E5-4A24-AD53-3FF0459F3F2E}.Debug|Any CPU.Build.0 = Debug|Any CPU
		{A2CFF4E4-69E5-4A24-AD53-3FF0459F3F2E}.Release|Any CPU.ActiveCfg = Release|Any CPU
		{A2CFF4E4-69E5-4A24-AD53-3FF0459F3F2E}.Release|Any CPU.Build.0 = Release|Any CPU
		{758C8049-5163-4EF0-ABBB-97CDA80EC7EC}.Debug|Any CPU.ActiveCfg = Debug|Any CPU
		{758C8049-5163-4EF0-ABBB-97CDA80EC7EC}.Debug|Any CPU.Build.0 = Debug|Any CPU
		{758C8049-5163-4EF0-ABBB-97CDA80EC7EC}.Release|Any CPU.ActiveCfg = Release|Any CPU
		{758C8049-5163-4EF0-ABBB-97CDA80EC7EC}.Release|Any CPU.Build.0 = Release|Any CPU
		{15B223FF-C91E-45BD-9BBD-564CE919764C}.Debug|Any CPU.ActiveCfg = Debug|Any CPU
		{15B223FF-C91E-45BD-9BBD-564CE919764C}.Debug|Any CPU.Build.0 = Debug|Any CPU
		{15B223FF-C91E-45BD-9BBD-564CE919764C}.Release|Any CPU.ActiveCfg = Release|Any CPU
		{15B223FF-C91E-45BD-9BBD-564CE919764C}.Release|Any CPU.Build.0 = Release|Any CPU
		{CE692A25-78E7-4CE7-90D0-1EE133085248}.Debug|Any CPU.ActiveCfg = Debug|Any CPU
		{CE692A25-78E7-4CE7-90D0-1EE133085248}.Debug|Any CPU.Build.0 = Debug|Any CPU
		{CE692A25-78E7-4CE7-90D0-1EE133085248}.Release|Any CPU.ActiveCfg = Release|Any CPU
		{CE692A25-78E7-4CE7-90D0-1EE133085248}.Release|Any CPU.Build.0 = Release|Any CPU
		{23F4EA35-B1DC-427C-9CD0-01F2CC7A3803}.Debug|Any CPU.ActiveCfg = Debug|Any CPU
		{23F4EA35-B1DC-427C-9CD0-01F2CC7A3803}.Debug|Any CPU.Build.0 = Debug|Any CPU
		{23F4EA35-B1DC-427C-9CD0-01F2CC7A3803}.Release|Any CPU.ActiveCfg = Release|Any CPU
		{23F4EA35-B1DC-427C-9CD0-01F2CC7A3803}.Release|Any CPU.Build.0 = Release|Any CPU
		{20832ABF-9412-47DD-BFFA-A287F054851F}.Debug|Any CPU.ActiveCfg = Debug|Any CPU
		{20832ABF-9412-47DD-BFFA-A287F054851F}.Debug|Any CPU.Build.0 = Debug|Any CPU
		{20832ABF-9412-47DD-BFFA-A287F054851F}.Release|Any CPU.ActiveCfg = Release|Any CPU
		{20832ABF-9412-47DD-BFFA-A287F054851F}.Release|Any CPU.Build.0 = Release|Any CPU
		{E0DD574D-DB7C-489C-B5CA-0EFBF0C48E8D}.Debug|Any CPU.ActiveCfg = Debug|Any CPU
		{E0DD574D-DB7C-489C-B5CA-0EFBF0C48E8D}.Debug|Any CPU.Build.0 = Debug|Any CPU
		{E0DD574D-DB7C-489C-B5CA-0EFBF0C48E8D}.Release|Any CPU.ActiveCfg = Release|Any CPU
		{E0DD574D-DB7C-489C-B5CA-0EFBF0C48E8D}.Release|Any CPU.Build.0 = Release|Any CPU
		{5BCCA29D-B79E-43D3-A772-EDEBE53A336A}.Debug|Any CPU.ActiveCfg = Debug|Any CPU
		{5BCCA29D-B79E-43D3-A772-EDEBE53A336A}.Debug|Any CPU.Build.0 = Debug|Any CPU
		{5BCCA29D-B79E-43D3-A772-EDEBE53A336A}.Release|Any CPU.ActiveCfg = Release|Any CPU
		{5BCCA29D-B79E-43D3-A772-EDEBE53A336A}.Release|Any CPU.Build.0 = Release|Any CPU
		{333AA676-6C1F-463A-887E-4FC99595AE2C}.Debug|Any CPU.ActiveCfg = Debug|Any CPU
		{333AA676-6C1F-463A-887E-4FC99595AE2C}.Debug|Any CPU.Build.0 = Debug|Any CPU
		{333AA676-6C1F-463A-887E-4FC99595AE2C}.Release|Any CPU.ActiveCfg = Release|Any CPU
		{333AA676-6C1F-463A-887E-4FC99595AE2C}.Release|Any CPU.Build.0 = Release|Any CPU
	EndGlobalSection
	GlobalSection(SolutionProperties) = preSolution
		HideSolutionNode = FALSE
	EndGlobalSection
	GlobalSection(ExtensibilityGlobals) = postSolution
		SolutionGuid = {09296D03-407E-4FD8-BF3E-C0B612B93A0B}
	EndGlobalSection
EndGlobal
